
Microsoft Visual Studio Solution File, Format Version 12.00
# Visual Studio Version 16
VisualStudioVersion = 16.0.30413.136
MinimumVisualStudioVersion = 10.0.40219.1
Project("{FAE04EC0-301F-11D3-BF4B-00C04F79EFBC}") = "TestToolsExe", "TestToolsExe\TestToolsExe.csproj", "{2F5D1256-B4F6-411D-844B-8DF7EBF0E797}"
EndProject
Global
	GlobalSection(SolutionConfigurationPlatforms) = preSolution
		Debug|Any CPU = Debug|Any CPU
		Release|Any CPU = Release|Any CPU
	EndGlobalSection
	GlobalSection(ProjectConfigurationPlatforms) = postSolution
		{2F5D1256-B4F6-411D-844B-8DF7EBF0E797}.Debug|Any CPU.ActiveCfg = Debug|Any CPU
		{2F5D1256-B4F6-411D-844B-8DF7EBF0E797}.Debug|Any CPU.Build.0 = Debug|Any CPU
		{2F5D1256-B4F6-411D-844B-8DF7EBF0E797}.Release|Any CPU.ActiveCfg = Release|Any CPU
		{2F5D1256-B4F6-411D-844B-8DF7EBF0E797}.Release|Any CPU.Build.0 = Release|Any CPU
	EndGlobalSection
	GlobalSection(SolutionProperties) = preSolution
		HideSolutionNode = FALSE
	EndGlobalSection
	GlobalSection(ExtensibilityGlobals) = postSolution
		SolutionGuid = {262C1F1D-E228-49C8-98D1-0CC217E4F59F}
	EndGlobalSection
EndGlobal
